{
  "name": "shared",
  "version": "1.0.0",
  "lockfileVersion": 3,
  "requires": true,
  "packages": {
    "": {
      "name": "shared",
      "version": "1.0.0",
      "license": "ISC",
      "dependencies": {
        "shared": "file:./index"
      }
    },
    "index": {},
    "node_modules/shared": {
      "resolved": "index",
      "link": true
    }
  }
}
